
Microsoft Visual Studio Solution File, Format Version 12.00
# Visual Studio Version 16
VisualStudioVersion = 16.0.29709.97
MinimumVisualStudioVersion = 10.0.40219.1
Project("{FAE04EC0-301F-11D3-BF4B-00C04F79EFBC}") = "GamesLibrary", "GamesLibrary.csproj", "{111A70A0-A20F-4767-8D7F-3455DB094FB8}"
EndProject
Project("{FAE04EC0-301F-11D3-BF4B-00C04F79EFBC}") = "DataAccess", "DataAccess\DataAccess.csproj", "{A5AC459D-6C0A-4D6E-AD65-ECB3E0FEC3A7}"
EndProject
Project("{2150E333-8FDC-42A3-9474-1A3956D46DE8}") = "SQL Database", "SQL Database", "{14791285-BFC8-4153-AE5A-F4687CFEF852}"
	ProjectSection(SolutionItems) = preProject
		D:\DATABASE V3 4-29.bak = D:\DATABASE V3 4-29.bak
	EndProjectSection
EndProject
Global
	GlobalSection(SolutionConfigurationPlatforms) = preSolution
		Debug|Any CPU = Debug|Any CPU
		Release|Any CPU = Release|Any CPU
	EndGlobalSection
	GlobalSection(ProjectConfigurationPlatforms) = postSolution
		{111A70A0-A20F-4767-8D7F-3455DB094FB8}.Debug|Any CPU.ActiveCfg = Debug|Any CPU
		{111A70A0-A20F-4767-8D7F-3455DB094FB8}.Debug|Any CPU.Build.0 = Debug|Any CPU
		{111A70A0-A20F-4767-8D7F-3455DB094FB8}.Release|Any CPU.ActiveCfg = Release|Any CPU
		{111A70A0-A20F-4767-8D7F-3455DB094FB8}.Release|Any CPU.Build.0 = Release|Any CPU
		{A5AC459D-6C0A-4D6E-AD65-ECB3E0FEC3A7}.Debug|Any CPU.ActiveCfg = Debug|Any CPU
		{A5AC459D-6C0A-4D6E-AD65-ECB3E0FEC3A7}.Debug|Any CPU.Build.0 = Debug|Any CPU
		{A5AC459D-6C0A-4D6E-AD65-ECB3E0FEC3A7}.Release|Any CPU.ActiveCfg = Release|Any CPU
		{A5AC459D-6C0A-4D6E-AD65-ECB3E0FEC3A7}.Release|Any CPU.Build.0 = Release|Any CPU
	EndGlobalSection
	GlobalSection(SolutionProperties) = preSolution
		HideSolutionNode = FALSE
	EndGlobalSection
	GlobalSection(ExtensibilityGlobals) = postSolution
		SolutionGuid = {85CF4238-1AC1-4000-922D-AFAC25ECC2B5}
	EndGlobalSection
EndGlobal
